
Microsoft Visual Studio Solution File, Format Version 12.00
# Visual Studio 15
VisualStudioVersion = 15.0.28307.1758
MinimumVisualStudioVersion = 10.0.40219.1
Project("{9A19103F-16F7-4668-BE54-9A1E7A4F7556}") = "TicketSystemAPI", "TicketSystemAPI\TicketSystemAPI.csproj", "{8786D4EB-262F-47DD-A94E-080F876A69C1}"
EndProject
Project("{FAE04EC0-301F-11D3-BF4B-00C04F79EFBC}") = "Core2", "Core2\Core2.csproj", "{6AFDBF58-48D4-400B-BF85-70B8E628A7FC}"
EndProject
Project("{FAE04EC0-301F-11D3-BF4B-00C04F79EFBC}") = "DataStore.EF", "DataStore.EF\DataStore.EF.csproj", "{BBA453D6-26AC-43AE-9623-FC6699A9FDFB}"
EndProject
Global
	GlobalSection(SolutionConfigurationPlatforms) = preSolution
		Debug|Any CPU = Debug|Any CPU
		Release|Any CPU = Release|Any CPU
	EndGlobalSection
	GlobalSection(ProjectConfigurationPlatforms) = postSolution
		{8786D4EB-262F-47DD-A94E-080F876A69C1}.Debug|Any CPU.ActiveCfg = Debug|Any CPU
		{8786D4EB-262F-47DD-A94E-080F876A69C1}.Debug|Any CPU.Build.0 = Debug|Any CPU
		{8786D4EB-262F-47DD-A94E-080F876A69C1}.Release|Any CPU.ActiveCfg = Release|Any CPU
		{8786D4EB-262F-47DD-A94E-080F876A69C1}.Release|Any CPU.Build.0 = Release|Any CPU
		{6AFDBF58-48D4-400B-BF85-70B8E628A7FC}.Debug|Any CPU.ActiveCfg = Debug|Any CPU
		{6AFDBF58-48D4-400B-BF85-70B8E628A7FC}.Debug|Any CPU.Build.0 = Debug|Any CPU
		{6AFDBF58-48D4-400B-BF85-70B8E628A7FC}.Release|Any CPU.ActiveCfg = Release|Any CPU
		{6AFDBF58-48D4-400B-BF85-70B8E628A7FC}.Release|Any CPU.Build.0 = Release|Any CPU
		{BBA453D6-26AC-43AE-9623-FC6699A9FDFB}.Debug|Any CPU.ActiveCfg = Debug|Any CPU
		{BBA453D6-26AC-43AE-9623-FC6699A9FDFB}.Debug|Any CPU.Build.0 = Debug|Any CPU
		{BBA453D6-26AC-43AE-9623-FC6699A9FDFB}.Release|Any CPU.ActiveCfg = Release|Any CPU
		{BBA453D6-26AC-43AE-9623-FC6699A9FDFB}.Release|Any CPU.Build.0 = Release|Any CPU
	EndGlobalSection
	GlobalSection(SolutionProperties) = preSolution
		HideSolutionNode = FALSE
	EndGlobalSection
	GlobalSection(ExtensibilityGlobals) = postSolution
		SolutionGuid = {A9415CEA-2206-475E-910E-7A9C295C3540}
	EndGlobalSection
EndGlobal
